
Microsoft Visual Studio Solution File, Format Version 12.00
# Visual Studio 15
VisualStudioVersion = 15.0.28010.2046
MinimumVisualStudioVersion = 10.0.40219.1
Project("{FAE04EC0-301F-11D3-BF4B-00C04F79EFBC}") = "ConsoleApp1", "ConsoleApp1\ConsoleApp1.csproj", "{068055A3-2694-4445-8746-DCF3F43DFE9B}"
EndProject
Global
	GlobalSection(SolutionConfigurationPlatforms) = preSolution
		Debug|Any CPU = Debug|Any CPU
		Release|Any CPU = Release|Any CPU
	EndGlobalSection
	GlobalSection(ProjectConfigurationPlatforms) = postSolution
		{068055A3-2694-4445-8746-DCF3F43DFE9B}.Debug|Any CPU.ActiveCfg = Debug|Any CPU
		{068055A3-2694-4445-8746-DCF3F43DFE9B}.Debug|Any CPU.Build.0 = Debug|Any CPU
		{068055A3-2694-4445-8746-DCF3F43DFE9B}.Release|Any CPU.ActiveCfg = Release|Any CPU
		{068055A3-2694-4445-8746-DCF3F43DFE9B}.Release|Any CPU.Build.0 = Release|Any CPU
	EndGlobalSection
	GlobalSection(SolutionProperties) = preSolution
		HideSolutionNode = FALSE
	EndGlobalSection
	GlobalSection(ExtensibilityGlobals) = postSolution
		SolutionGuid = {C034B9D8-BBFA-4DAC-AC59-471B123E54A5}
	EndGlobalSection
EndGlobal
